
Microsoft Visual Studio Solution File, Format Version 12.00
# Visual Studio Version 16
VisualStudioVersion = 25.0.1704.0
MinimumVisualStudioVersion = 10.0.40219.1
Project("{FAE04EC0-301F-11D3-BF4B-00C04F79EFBC}") = "SuperBank", "SuperBank\SuperBank.csproj", "{C3E3F200-CE07-45E8-9AB0-000F5F4B9454}"
EndProject
Global
	GlobalSection(SolutionConfigurationPlatforms) = preSolution
		Debug|Any CPU = Debug|Any CPU
		Release|Any CPU = Release|Any CPU
	EndGlobalSection
	GlobalSection(ProjectConfigurationPlatforms) = postSolution
		{C3E3F200-CE07-45E8-9AB0-000F5F4B9454}.Debug|Any CPU.ActiveCfg = Debug|Any CPU
		{C3E3F200-CE07-45E8-9AB0-000F5F4B9454}.Debug|Any CPU.Build.0 = Debug|Any CPU
		{C3E3F200-CE07-45E8-9AB0-000F5F4B9454}.Release|Any CPU.ActiveCfg = Release|Any CPU
		{C3E3F200-CE07-45E8-9AB0-000F5F4B9454}.Release|Any CPU.Build.0 = Release|Any CPU
	EndGlobalSection
	GlobalSection(SolutionProperties) = preSolution
		HideSolutionNode = FALSE
	EndGlobalSection
	GlobalSection(ExtensibilityGlobals) = postSolution
		SolutionGuid = {76F8EAF3-8047-4315-B864-799A4FE04260}
	EndGlobalSection
EndGlobal
